Microsoft Visual Studio Solution File, Format Version 12.00
# Visual Studio Version 17
VisualStudioVersion = 17.5.2.0
MinimumVisualStudioVersion = 10.0.40219.1
Project("{FAE04EC0-301F-11D3-BF4B-00C04F79EFBC}") = "BelajarEFCore", "BelajarEFCore.csproj", "{E957370C-2FB2-0C1D-B4F1-AE9B6580EFFE}"
EndProject
Global
	GlobalSection(SolutionConfigurationPlatforms) = preSolution
		Debug|Any CPU = Debug|Any CPU
		Release|Any CPU = Release|Any CPU
	EndGlobalSection
	GlobalSection(ProjectConfigurationPlatforms) = postSolution
		{E957370C-2FB2-0C1D-B4F1-AE9B6580EFFE}.Debug|Any CPU.ActiveCfg = Debug|Any CPU
		{E957370C-2FB2-0C1D-B4F1-AE9B6580EFFE}.Debug|Any CPU.Build.0 = Debug|Any CPU
		{E957370C-2FB2-0C1D-B4F1-AE9B6580EFFE}.Release|Any CPU.ActiveCfg = Release|Any CPU
		{E957370C-2FB2-0C1D-B4F1-AE9B6580EFFE}.Release|Any CPU.Build.0 = Release|Any CPU
	EndGlobalSection
	GlobalSection(SolutionProperties) = preSolution
		HideSolutionNode = FALSE
	EndGlobalSection
	GlobalSection(ExtensibilityGlobals) = postSolution
		SolutionGuid = {22A8B3A5-EBED-4083-BC62-AEBBC3C37A9E}
	EndGlobalSection
EndGlobal
