
Microsoft Visual Studio Solution File, Format Version 12.00
# Visual Studio Version 17
VisualStudioVersion = 17.0.31903.59
MinimumVisualStudioVersion = 10.0.40219.1
Project("{FAE04EC0-301F-11D3-BF4B-00C04F79EFBC}") = "SimpleLibrary", "SimpleLibrary\SimpleLibrary.csproj", "{C4BDE9B3-D5D7-4265-BCF4-C4BD70FD9E10}"
EndProject
Project("{FAE04EC0-301F-11D3-BF4B-00C04F79EFBC}") = "SimpleLibrary.Tests", "SimpleLibrary.Tests\SimpleLibrary.Tests.csproj", "{62DEC690-4093-4FC3-9451-D7F911D49E62}"
EndProject
Global
	GlobalSection(SolutionConfigurationPlatforms) = preSolution
		Debug|Any CPU = Debug|Any CPU
		Debug|x64 = Debug|x64
		Debug|x86 = Debug|x86
		Release|Any CPU = Release|Any CPU
		Release|x64 = Release|x64
		Release|x86 = Release|x86
	EndGlobalSection
	GlobalSection(ProjectConfigurationPlatforms) = postSolution
		{C4BDE9B3-D5D7-4265-BCF4-C4BD70FD9E10}.Debug|Any CPU.ActiveCfg = Debug|Any CPU
		{C4BDE9B3-D5D7-4265-BCF4-C4BD70FD9E10}.Debug|Any CPU.Build.0 = Debug|Any CPU
		{C4BDE9B3-D5D7-4265-BCF4-C4BD70FD9E10}.Debug|x64.ActiveCfg = Debug|Any CPU
		{C4BDE9B3-D5D7-4265-BCF4-C4BD70FD9E10}.Debug|x64.Build.0 = Debug|Any CPU
		{C4BDE9B3-D5D7-4265-BCF4-C4BD70FD9E10}.Debug|x86.ActiveCfg = Debug|Any CPU
		{C4BDE9B3-D5D7-4265-BCF4-C4BD70FD9E10}.Debug|x86.Build.0 = Debug|Any CPU
		{C4BDE9B3-D5D7-4265-BCF4-C4BD70FD9E10}.Release|Any CPU.ActiveCfg = Release|Any CPU
		{C4BDE9B3-D5D7-4265-BCF4-C4BD70FD9E10}.Release|Any CPU.Build.0 = Release|Any CPU
		{C4BDE9B3-D5D7-4265-BCF4-C4BD70FD9E10}.Release|x64.ActiveCfg = Release|Any CPU
		{C4BDE9B3-D5D7-4265-BCF4-C4BD70FD9E10}.Release|x64.Build.0 = Release|Any CPU
		{C4BDE9B3-D5D7-4265-BCF4-C4BD70FD9E10}.Release|x86.ActiveCfg = Release|Any CPU
		{C4BDE9B3-D5D7-4265-BCF4-C4BD70FD9E10}.Release|x86.Build.0 = Release|Any CPU
		{62DEC690-4093-4FC3-9451-D7F911D49E62}.Debug|Any CPU.ActiveCfg = Debug|Any CPU
		{62DEC690-4093-4FC3-9451-D7F911D49E62}.Debug|Any CPU.Build.0 = Debug|Any CPU
		{62DEC690-4093-4FC3-9451-D7F911D49E62}.Debug|x64.ActiveCfg = Debug|Any CPU
		{62DEC690-4093-4FC3-9451-D7F911D49E62}.Debug|x64.Build.0 = Debug|Any CPU
		{62DEC690-4093-4FC3-9451-D7F911D49E62}.Debug|x86.ActiveCfg = Debug|Any CPU
		{62DEC690-4093-4FC3-9451-D7F911D49E62}.Debug|x86.Build.0 = Debug|Any CPU
		{62DEC690-4093-4FC3-9451-D7F911D49E62}.Release|Any CPU.ActiveCfg = Release|Any CPU
		{62DEC690-4093-4FC3-9451-D7F911D49E62}.Release|Any CPU.Build.0 = Release|Any CPU
		{62DEC690-4093-4FC3-9451-D7F911D49E62}.Release|x64.ActiveCfg = Release|Any CPU
		{62DEC690-4093-4FC3-9451-D7F911D49E62}.Release|x64.Build.0 = Release|Any CPU
		{62DEC690-4093-4FC3-9451-D7F911D49E62}.Release|x86.ActiveCfg = Release|Any CPU
		{62DEC690-4093-4FC3-9451-D7F911D49E62}.Release|x86.Build.0 = Release|Any CPU
	EndGlobalSection
	GlobalSection(SolutionProperties) = preSolution
		HideSolutionNode = FALSE
	EndGlobalSection
EndGlobal
